
Microsoft Visual Studio Solution File, Format Version 12.00
# Visual Studio Version 17
VisualStudioVersion = 17.8.34330.188
MinimumVisualStudioVersion = 10.0.40219.1
Project("{FAE04EC0-301F-11D3-BF4B-00C04F79EFBC}") = "xls_Application", "XLS\xls_Application.csproj", "{E4FCD34B-074A-412E-9046-796749E6962B}"
EndProject
Project("{FAE04EC0-301F-11D3-BF4B-00C04F79EFBC}") = "xls_Domain", "xls_Domain\xls_Domain.csproj", "{BA83036F-8C8E-4E4F-9248-1C8D93265863}"
EndProject
Project("{2150E333-8FDC-42A3-9474-1A3956D46DE8}") = "1 - Api", "1 - Api", "{A96C356E-C857-47F1-A5AC-FAB6B9FD30BF}"
EndProject
Project("{2150E333-8FDC-42A3-9474-1A3956D46DE8}") = "2 - Domain", "2 - Domain", "{FF9FEE60-C7F3-4F59-A2CF-1489E47B8FF7}"
EndProject
Project("{2150E333-8FDC-42A3-9474-1A3956D46DE8}") = "3 - Infra", "3 - Infra", "{878EE1FE-7CD1-4E97-A386-28FD28292635}"
EndProject
Project("{FAE04EC0-301F-11D3-BF4B-00C04F79EFBC}") = "xls_infra", "xls_infra\xls_infra.csproj", "{75415BCC-48F1-4BD3-B93C-11E5FBAB1E8C}"
EndProject
Global
	GlobalSection(SolutionConfigurationPlatforms) = preSolution
		Debug|Any CPU = Debug|Any CPU
		Release|Any CPU = Release|Any CPU
	EndGlobalSection
	GlobalSection(ProjectConfigurationPlatforms) = postSolution
		{E4FCD34B-074A-412E-9046-796749E6962B}.Debug|Any CPU.ActiveCfg = Debug|Any CPU
		{E4FCD34B-074A-412E-9046-796749E6962B}.Debug|Any CPU.Build.0 = Debug|Any CPU
		{E4FCD34B-074A-412E-9046-796749E6962B}.Release|Any CPU.ActiveCfg = Release|Any CPU
		{E4FCD34B-074A-412E-9046-796749E6962B}.Release|Any CPU.Build.0 = Release|Any CPU
		{BA83036F-8C8E-4E4F-9248-1C8D93265863}.Debug|Any CPU.ActiveCfg = Debug|Any CPU
		{BA83036F-8C8E-4E4F-9248-1C8D93265863}.Debug|Any CPU.Build.0 = Debug|Any CPU
		{BA83036F-8C8E-4E4F-9248-1C8D93265863}.Release|Any CPU.ActiveCfg = Release|Any CPU
		{BA83036F-8C8E-4E4F-9248-1C8D93265863}.Release|Any CPU.Build.0 = Release|Any CPU
		{75415BCC-48F1-4BD3-B93C-11E5FBAB1E8C}.Debug|Any CPU.ActiveCfg = Debug|Any CPU
		{75415BCC-48F1-4BD3-B93C-11E5FBAB1E8C}.Debug|Any CPU.Build.0 = Debug|Any CPU
		{75415BCC-48F1-4BD3-B93C-11E5FBAB1E8C}.Release|Any CPU.ActiveCfg = Release|Any CPU
		{75415BCC-48F1-4BD3-B93C-11E5FBAB1E8C}.Release|Any CPU.Build.0 = Release|Any CPU
	EndGlobalSection
	GlobalSection(SolutionProperties) = preSolution
		HideSolutionNode = FALSE
	EndGlobalSection
	GlobalSection(NestedProjects) = preSolution
		{E4FCD34B-074A-412E-9046-796749E6962B} = {A96C356E-C857-47F1-A5AC-FAB6B9FD30BF}
		{BA83036F-8C8E-4E4F-9248-1C8D93265863} = {FF9FEE60-C7F3-4F59-A2CF-1489E47B8FF7}
		{75415BCC-48F1-4BD3-B93C-11E5FBAB1E8C} = {878EE1FE-7CD1-4E97-A386-28FD28292635}
	EndGlobalSection
	GlobalSection(ExtensibilityGlobals) = postSolution
		SolutionGuid = {A10631DE-CBDB-4434-895F-C05E4F8B7DA6}
	EndGlobalSection
EndGlobal
